
Microsoft Visual Studio Solution File, Format Version 12.00
# Visual Studio 2013
VisualStudioVersion = 12.0.40629.0
MinimumVisualStudioVersion = 10.0.40219.1
Project("{FAE04EC0-301F-11D3-BF4B-00C04F79EFBC}") = "GoldenTax", "GoldenT\GoldenTax.csproj", "{E2D4AC7C-A2BD-4E8C-9AC8-AA3923A7A3E6}"
EndProject
Project("{FAE04EC0-301F-11D3-BF4B-00C04F79EFBC}") = "s2DLL", "..\..\..\..\..\workspace-git_old\restv2\s2\s2DLL\s2DLL.csproj", "{755BC4B3-86B8-4126-82C9-4F1BC5C8B07E}"
EndProject
Global
	GlobalSection(SolutionConfigurationPlatforms) = preSolution
		Debug|Any CPU = Debug|Any CPU
		Release|Any CPU = Release|Any CPU
	EndGlobalSection
	GlobalSection(ProjectConfigurationPlatforms) = postSolution
		{E2D4AC7C-A2BD-4E8C-9AC8-AA3923A7A3E6}.Debug|Any CPU.ActiveCfg = Debug|Any CPU
		{E2D4AC7C-A2BD-4E8C-9AC8-AA3923A7A3E6}.Debug|Any CPU.Build.0 = Debug|Any CPU
		{E2D4AC7C-A2BD-4E8C-9AC8-AA3923A7A3E6}.Release|Any CPU.ActiveCfg = Release|Any CPU
		{E2D4AC7C-A2BD-4E8C-9AC8-AA3923A7A3E6}.Release|Any CPU.Build.0 = Release|Any CPU
		{755BC4B3-86B8-4126-82C9-4F1BC5C8B07E}.Debug|Any CPU.ActiveCfg = Debug|Any CPU
		{755BC4B3-86B8-4126-82C9-4F1BC5C8B07E}.Debug|Any CPU.Build.0 = Debug|Any CPU
		{755BC4B3-86B8-4126-82C9-4F1BC5C8B07E}.Release|Any CPU.ActiveCfg = Release|Any CPU
		{755BC4B3-86B8-4126-82C9-4F1BC5C8B07E}.Release|Any CPU.Build.0 = Release|Any CPU
	EndGlobalSection
	GlobalSection(SolutionProperties) = preSolution
		HideSolutionNode = FALSE
	EndGlobalSection
EndGlobal
